{
  "requires": true,
  "lockfileVersion": 1,
  "dependencies": {
    "typeface-abhaya-libre": {
      "version": "0.0.72",
      "resolved": "https://registry.npmjs.org/typeface-abhaya-libre/-/typeface-abhaya-libre-0.0.72.tgz",
      "integrity": "sha512-09x75SwmyT5q/L5UGddUFOGuPg6z4aJ3CJvOq7eFtRBPiOMVT5QTWYIokqqBqXcP8mdGMssYhrphXYlBrxbBaA=="
    },
    "typeface-dosis": {
      "version": "1.1.4",
      "resolved": "https://registry.npmjs.org/typeface-dosis/-/typeface-dosis-1.1.4.tgz",
      "integrity": "sha512-W6vKI6oGObso743DLs4SN2dYz9MBIUsKvEESOTIMcAVOAkxpUy8rU8AttzuzNzHTzEGpGcS2xeDgL9foY7d0WA=="
    }
  }
}
